PODS:
  - GoogleMaps (2.6.0):
    - GoogleMaps/Maps (= 2.6.0)
  - GoogleMaps/Base (2.6.0)
  - GoogleMaps/Maps (2.6.0):
    - GoogleMaps/Base
  - yoga (0.53.3.React)

DEPENDENCIES:
  - GoogleMaps
  - yoga (from `../node_modules/react-native/ReactCommon/yoga/Yoga.podspec`)

EXTERNAL SOURCES:
  yoga:
    :path: ../node_modules/react-native/ReactCommon/yoga/Yoga.podspec

SPEC CHECKSUMS:
  GoogleMaps: 42f91c68b7fa2f84d5c86597b18ceb99f5414c7f
  yoga: 55da126afc384965b96bff46652464373b330add

PODFILE CHECKSUM: 92d55fff1675a18ce023db44daff4cd7d0dad61a

COCOAPODS: 1.4.0
